
Microsoft Visual Studio Solution File, Format Version 12.00
# Visual Studio Version 17
VisualStudioVersion = 17.8.34316.72
MinimumVisualStudioVersion = 10.0.40219.1
Project("{FAE04EC0-301F-11D3-BF4B-00C04F79EFBC}") = "Week2_day5", "Week2_day5\Week2_day5.csproj", "{A045EDAC-70AB-4228-AD39-E06CA783C7C4}"
EndProject
Project("{FAE04EC0-301F-11D3-BF4B-00C04F79EFBC}") = "Task", "Task\Task.csproj", "{0F60E73F-4D95-4746-9AE1-7DD5AD0F3C17}"
EndProject
Global
	GlobalSection(SolutionConfigurationPlatforms) = preSolution
		Debug|Any CPU = Debug|Any CPU
		Release|Any CPU = Release|Any CPU
	EndGlobalSection
	GlobalSection(ProjectConfigurationPlatforms) = postSolution
		{A045EDAC-70AB-4228-AD39-E06CA783C7C4}.Debug|Any CPU.ActiveCfg = Debug|Any CPU
		{A045EDAC-70AB-4228-AD39-E06CA783C7C4}.Debug|Any CPU.Build.0 = Debug|Any CPU
		{A045EDAC-70AB-4228-AD39-E06CA783C7C4}.Release|Any CPU.ActiveCfg = Release|Any CPU
		{A045EDAC-70AB-4228-AD39-E06CA783C7C4}.Release|Any CPU.Build.0 = Release|Any CPU
		{0F60E73F-4D95-4746-9AE1-7DD5AD0F3C17}.Debug|Any CPU.ActiveCfg = Debug|Any CPU
		{0F60E73F-4D95-4746-9AE1-7DD5AD0F3C17}.Debug|Any CPU.Build.0 = Debug|Any CPU
		{0F60E73F-4D95-4746-9AE1-7DD5AD0F3C17}.Release|Any CPU.ActiveCfg = Release|Any CPU
		{0F60E73F-4D95-4746-9AE1-7DD5AD0F3C17}.Release|Any CPU.Build.0 = Release|Any CPU
	EndGlobalSection
	GlobalSection(SolutionProperties) = preSolution
		HideSolutionNode = FALSE
	EndGlobalSection
	GlobalSection(ExtensibilityGlobals) = postSolution
		SolutionGuid = {F7B9D6A3-D5FD-45F7-8682-0290CF64673F}
	EndGlobalSection
EndGlobal
